
Microsoft Visual Studio Solution File, Format Version 12.00
# Visual Studio Version 17
VisualStudioVersion = 17.1.32328.378
MinimumVisualStudioVersion = 10.0.40219.1
Project("{FAE04EC0-301F-11D3-BF4B-00C04F79EFBC}") = "TaeHoon`s_homework", "TaeHoon`s_homework.csproj", "{58FBB3C2-02E1-4A33-8B45-457063481486}"
EndProject
Global
	GlobalSection(SolutionConfigurationPlatforms) = preSolution
		Debug|Any CPU = Debug|Any CPU
		Release|Any CPU = Release|Any CPU
	EndGlobalSection
	GlobalSection(ProjectConfigurationPlatforms) = postSolution
		{58FBB3C2-02E1-4A33-8B45-457063481486}.Debug|Any CPU.ActiveCfg = Debug|Any CPU
		{58FBB3C2-02E1-4A33-8B45-457063481486}.Debug|Any CPU.Build.0 = Debug|Any CPU
		{58FBB3C2-02E1-4A33-8B45-457063481486}.Release|Any CPU.ActiveCfg = Release|Any CPU
		{58FBB3C2-02E1-4A33-8B45-457063481486}.Release|Any CPU.Build.0 = Release|Any CPU
	EndGlobalSection
	GlobalSection(SolutionProperties) = preSolution
		HideSolutionNode = FALSE
	EndGlobalSection
	GlobalSection(ExtensibilityGlobals) = postSolution
		SolutionGuid = {9697AA58-D01B-4C3A-9415-0B86F2F6B76F}
	EndGlobalSection
EndGlobal
